<?xml version="1.0" encoding="utf-8"?>
<Project ToolsVersion="4.0" xmlns="http://schemas.microsoft.com/developer/msbuild/2003">
  <ItemGroup>
    <Filter Include="Source Files">
      <UniqueIdentifier>{4FC737F1-C7A5-4376-A066-2A32D752A2FF}</UniqueIdentifier>
      <Extensions>cpp;c;cc;cxx;def;odl;idl;hpj;bat;asm;asmx</Extensions>
    </Filter>
    <Filter Include="Header Files">
      <UniqueIdentifier>{93995380-89BD-4b04-88EB-625FBE52EBFB}</UniqueIdentifier>
      <Extensions>h;hh;hpp;hxx;hm;inl;inc;ipp;xsd</Extensions>
    </Filter>
    <Filter Include="Resource Files">
      <UniqueIdentifier>{67DA6AB6-F800-4c08-8B7A-83BB121AAD01}</UniqueIdentifier>
      <Extensions>rc;ico;cur;bmp;dlg;rc2;rct;bin;rgs;gif;jpg;jpeg;jpe;resx;tiff;tif;png;wav;mfcribbon-ms</Extensions>
    </Filter>
  </ItemGroup>
  <ItemGroup>
    <ClCompile Include="XMLTree.cpp">
      <Filter>Source Files</Filter>
    </ClCompile>
    <ClCompile Include="XMLParser.cpp">
      <Filter>Source Files</Filter>
    </ClCompile>
    <ClCompile Include="XMLElement.cpp">
      <Filter>Source Files</Filter>
    </ClCompile>
    <ClCompile Include="main.cpp">
      <Filter>Source Files</Filter>
    </ClCompile>
    <ClCompile Include="Core.cpp">
      <Filter>Source Files</Filter>
    </ClCompile>
    <ClCompile Include="CommandParser.cpp">
      <Filter>Source Files</Filter>
    </ClCompile>
    <ClCompile Include="Parser.cpp">
      <Filter>Source Files</Filter>
    </ClCompile>
    <ClCompile Include="XMLContent.cpp">
      <Filter>Source Files</Filter>
    </ClCompile>
    <ClCompile Include="XPathParser.cpp">
      <Filter>Source Files</Filter>
    </ClCompile>
    <ClCompile Include="InvalidCommand.cpp">
      <Filter>Source Files</Filter>
    </ClCompile>
    <ClCompile Include="XMLCommand.cpp">
      <Filter>Source Files</Filter>
    </ClCompile>
    <ClCompile Include="XMLOpenCommand.cpp">
      <Filter>Source Files</Filter>
    </ClCompile>
    <ClCompile Include="XMLCloseCommand.cpp">
      <Filter>Source Files</Filter>
    </ClCompile>
    <ClCompile Include="XMLSaveCommand.cpp">
      <Filter>Source Files</Filter>
    </ClCompile>
    <ClCompile Include="XMLSaveAsCommand.cpp">
      <Filter>Source Files</Filter>
    </ClCompile>
    <ClCompile Include="XMLPrintCommand.cpp">
      <Filter>Source Files</Filter>
    </ClCompile>
    <ClCompile Include="XMLSelectCommand.cpp">
      <Filter>Source Files</Filter>
    </ClCompile>
    <ClCompile Include="XMLSetCommand.cpp">
      <Filter>Source Files</Filter>
    </ClCompile>
    <ClCompile Include="XMLChildrenCommand.cpp">
      <Filter>Source Files</Filter>
    </ClCompile>
    <ClCompile Include="XMLChildCommand.cpp">
      <Filter>Source Files</Filter>
    </ClCompile>
    <ClCompile Include="XMLTextCommand.cpp">
      <Filter>Source Files</Filter>
    </ClCompile>
    <ClCompile Include="XMLNewChildCommand.cpp">
      <Filter>Source Files</Filter>
    </ClCompile>
    <ClCompile Include="XMLDeleteCommand.cpp">
      <Filter>Source Files</Filter>
    </ClCompile>
    <ClCompile Include="XMLXPathCommand.cpp">
      <Filter>Source Files</Filter>
    </ClCompile>
    <ClCompile Include="ExitCommand.cpp">
      <Filter>Source Files</Filter>
    </ClCompile>
    <ClCompile Include="XMLHelpCommand.cpp">
      <Filter>Source Files</Filter>
    </ClCompile>
  </ItemGroup>
  <ItemGroup>
    <ClInclude Include="XMLTree.hpp">
      <Filter>Header Files</Filter>
    </ClInclude>
    <ClInclude Include="XMLParser.hpp">
      <Filter>Header Files</Filter>
    </ClInclude>
    <ClInclude Include="XMLElement.hpp">
      <Filter>Header Files</Filter>
    </ClInclude>
    <ClInclude Include="Core.hpp">
      <Filter>Header Files</Filter>
    </ClInclude>
    <ClInclude Include="CommandParser.hpp">
      <Filter>Header Files</Filter>
    </ClInclude>
    <ClInclude Include="ICommand.hpp">
      <Filter>Header Files</Filter>
    </ClInclude>
    <ClInclude Include="Parser.hpp">
      <Filter>Header Files</Filter>
    </ClInclude>
    <ClInclude Include="XMLContent.hpp">
      <Filter>Header Files</Filter>
    </ClInclude>
    <ClInclude Include="XPathParser.hpp">
      <Filter>Header Files</Filter>
    </ClInclude>
    <ClInclude Include="XMLCommand.hpp">
      <Filter>Header Files</Filter>
    </ClInclude>
    <ClInclude Include="InvalidCommand.hpp">
      <Filter>Header Files</Filter>
    </ClInclude>
    <ClInclude Include="ExitCommand.hpp">
      <Filter>Header Files</Filter>
    </ClInclude>
    <ClInclude Include="XMLOpenCommand.hpp">
      <Filter>Header Files</Filter>
    </ClInclude>
    <ClInclude Include="XMLCloseCommand.hpp">
      <Filter>Header Files</Filter>
    </ClInclude>
    <ClInclude Include="XMLSaveCommand.hpp">
      <Filter>Header Files</Filter>
    </ClInclude>
    <ClInclude Include="XMLSaveAsCommand.hpp">
      <Filter>Header Files</Filter>
    </ClInclude>
    <ClInclude Include="XMLHelpCpmmand.hpp">
      <Filter>Header Files</Filter>
    </ClInclude>
    <ClInclude Include="XMLPrintCommand.hpp">
      <Filter>Header Files</Filter>
    </ClInclude>
    <ClInclude Include="XMLSelectCommand.hpp">
      <Filter>Header Files</Filter>
    </ClInclude>
    <ClInclude Include="XMLSetCommand.hpp">
      <Filter>Header Files</Filter>
    </ClInclude>
    <ClInclude Include="XMLChildrenCommand.hpp">
      <Filter>Header Files</Filter>
    </ClInclude>
    <ClInclude Include="XMLChildCommand.hpp">
      <Filter>Header Files</Filter>
    </ClInclude>
    <ClInclude Include="XMLTextCommand.hpp">
      <Filter>Header Files</Filter>
    </ClInclude>
    <ClInclude Include="XMLDeleteCommand.hpp">
      <Filter>Header Files</Filter>
    </ClInclude>
    <ClInclude Include="XMLNewChildCommand.hpp">
      <Filter>Header Files</Filter>
    </ClInclude>
    <ClInclude Include="XMLXPathCommand.hpp">
      <Filter>Header Files</Filter>
    </ClInclude>
  </ItemGroup>
</Project>